
Microsoft Visual Studio Solution File, Format Version 12.00
# Visual Studio 14
VisualStudioVersion = 14.0.25420.1
MinimumVisualStudioVersion = 10.0.40219.1
Project("{FAE04EC0-301F-11D3-BF4B-00C04F79EFBC}") = "Strategy", "Strategy\Strategy.csproj", "{EDBB9709-8A5E-4CB7-90DF-8F07CAF06909}"
EndProject
Project("{FAE04EC0-301F-11D3-BF4B-00C04F79EFBC}") = "Demo", "Demo\Demo.csproj", "{3FAA6EE4-CF12-4E84-9BC9-F6C87392C371}"
EndProject
Project("{FAE04EC0-301F-11D3-BF4B-00C04F79EFBC}") = "Observer", "Observer\Observer.csproj", "{468D7619-9467-4E25-993C-19D473031F21}"
EndProject
Project("{FAE04EC0-301F-11D3-BF4B-00C04F79EFBC}") = "Decorator", "Decorator\Decorator.csproj", "{B0E534A7-8E93-4D46-A9D1-783FF87A8D9B}"
EndProject
Project("{FAE04EC0-301F-11D3-BF4B-00C04F79EFBC}") = "SimpleFactory", "SimpleFactory\SimpleFactory.csproj", "{32D86530-CF22-45C2-983E-5B63424A24C9}"
EndProject
Project("{FAE04EC0-301F-11D3-BF4B-00C04F79EFBC}") = "FactoryMethod", "FactoryMethod\FactoryMethod.csproj", "{7A8C8FE7-A7DC-4145-8088-CC4756F221C1}"
EndProject
Project("{FAE04EC0-301F-11D3-BF4B-00C04F79EFBC}") = "AbstractFactory", "AbstractFactory\AbstractFactory.csproj", "{086B1CB9-7E46-4541-BE77-D90EDC3880E5}"
EndProject
Project("{FAE04EC0-301F-11D3-BF4B-00C04F79EFBC}") = "Singleton", "Singleton\Singleton.csproj", "{87A2EEC1-EA5B-4736-BB85-5A5BAEDC68B1}"
EndProject
Project("{FAE04EC0-301F-11D3-BF4B-00C04F79EFBC}") = "Command", "Command\Command.csproj", "{C30BDC3D-1043-4888-A5BE-E55B534B06B9}"
EndProject
Project("{FAE04EC0-301F-11D3-BF4B-00C04F79EFBC}") = "Adapter", "Adapter\Adapter.csproj", "{A486B1C4-6BE3-4D64-B5A0-6504CA04851B}"
EndProject
Project("{FAE04EC0-301F-11D3-BF4B-00C04F79EFBC}") = "Facade", "Facade\Facade.csproj", "{B592CF65-796F-4AD7-9C83-CCFD2CDDE004}"
EndProject
Project("{FAE04EC0-301F-11D3-BF4B-00C04F79EFBC}") = "TemplateMethod", "TemplateMethod\TemplateMethod.csproj", "{74EF3426-A8E5-4326-B129-573D100D8C6E}"
EndProject
Global
	GlobalSection(SolutionConfigurationPlatforms) = preSolution
		Debug|Any CPU = Debug|Any CPU
		Release|Any CPU = Release|Any CPU
	EndGlobalSection
	GlobalSection(ProjectConfigurationPlatforms) = postSolution
		{EDBB9709-8A5E-4CB7-90DF-8F07CAF06909}.Debug|Any CPU.ActiveCfg = Debug|Any CPU
		{EDBB9709-8A5E-4CB7-90DF-8F07CAF06909}.Debug|Any CPU.Build.0 = Debug|Any CPU
		{EDBB9709-8A5E-4CB7-90DF-8F07CAF06909}.Release|Any CPU.ActiveCfg = Release|Any CPU
		{EDBB9709-8A5E-4CB7-90DF-8F07CAF06909}.Release|Any CPU.Build.0 = Release|Any CPU
		{3FAA6EE4-CF12-4E84-9BC9-F6C87392C371}.Debug|Any CPU.ActiveCfg = Debug|Any CPU
		{3FAA6EE4-CF12-4E84-9BC9-F6C87392C371}.Debug|Any CPU.Build.0 = Debug|Any CPU
		{3FAA6EE4-CF12-4E84-9BC9-F6C87392C371}.Release|Any CPU.ActiveCfg = Release|Any CPU
		{3FAA6EE4-CF12-4E84-9BC9-F6C87392C371}.Release|Any CPU.Build.0 = Release|Any CPU
		{468D7619-9467-4E25-993C-19D473031F21}.Debug|Any CPU.ActiveCfg = Debug|Any CPU
		{468D7619-9467-4E25-993C-19D473031F21}.Debug|Any CPU.Build.0 = Debug|Any CPU
		{468D7619-9467-4E25-993C-19D473031F21}.Release|Any CPU.ActiveCfg = Release|Any CPU
		{468D7619-9467-4E25-993C-19D473031F21}.Release|Any CPU.Build.0 = Release|Any CPU
		{B0E534A7-8E93-4D46-A9D1-783FF87A8D9B}.Debug|Any CPU.ActiveCfg = Debug|Any CPU
		{B0E534A7-8E93-4D46-A9D1-783FF87A8D9B}.Debug|Any CPU.Build.0 = Debug|Any CPU
		{B0E534A7-8E93-4D46-A9D1-783FF87A8D9B}.Release|Any CPU.ActiveCfg = Release|Any CPU
		{B0E534A7-8E93-4D46-A9D1-783FF87A8D9B}.Release|Any CPU.Build.0 = Release|Any CPU
		{32D86530-CF22-45C2-983E-5B63424A24C9}.Debug|Any CPU.ActiveCfg = Debug|Any CPU
		{32D86530-CF22-45C2-983E-5B63424A24C9}.Debug|Any CPU.Build.0 = Debug|Any CPU
		{32D86530-CF22-45C2-983E-5B63424A24C9}.Release|Any CPU.ActiveCfg = Release|Any CPU
		{32D86530-CF22-45C2-983E-5B63424A24C9}.Release|Any CPU.Build.0 = Release|Any CPU
		{7A8C8FE7-A7DC-4145-8088-CC4756F221C1}.Debug|Any CPU.ActiveCfg = Debug|Any CPU
		{7A8C8FE7-A7DC-4145-8088-CC4756F221C1}.Debug|Any CPU.Build.0 = Debug|Any CPU
		{7A8C8FE7-A7DC-4145-8088-CC4756F221C1}.Release|Any CPU.ActiveCfg = Release|Any CPU
		{7A8C8FE7-A7DC-4145-8088-CC4756F221C1}.Release|Any CPU.Build.0 = Release|Any CPU
		{086B1CB9-7E46-4541-BE77-D90EDC3880E5}.Debug|Any CPU.ActiveCfg = Debug|Any CPU
		{086B1CB9-7E46-4541-BE77-D90EDC3880E5}.Debug|Any CPU.Build.0 = Debug|Any CPU
		{086B1CB9-7E46-4541-BE77-D90EDC3880E5}.Release|Any CPU.ActiveCfg = Release|Any CPU
		{086B1CB9-7E46-4541-BE77-D90EDC3880E5}.Release|Any CPU.Build.0 = Release|Any CPU
		{87A2EEC1-EA5B-4736-BB85-5A5BAEDC68B1}.Debug|Any CPU.ActiveCfg = Debug|Any CPU
		{87A2EEC1-EA5B-4736-BB85-5A5BAEDC68B1}.Debug|Any CPU.Build.0 = Debug|Any CPU
		{87A2EEC1-EA5B-4736-BB85-5A5BAEDC68B1}.Release|Any CPU.ActiveCfg = Release|Any CPU
		{87A2EEC1-EA5B-4736-BB85-5A5BAEDC68B1}.Release|Any CPU.Build.0 = Release|Any CPU
		{C30BDC3D-1043-4888-A5BE-E55B534B06B9}.Debug|Any CPU.ActiveCfg = Debug|Any CPU
		{C30BDC3D-1043-4888-A5BE-E55B534B06B9}.Debug|Any CPU.Build.0 = Debug|Any CPU
		{C30BDC3D-1043-4888-A5BE-E55B534B06B9}.Release|Any CPU.ActiveCfg = Release|Any CPU
		{C30BDC3D-1043-4888-A5BE-E55B534B06B9}.Release|Any CPU.Build.0 = Release|Any CPU
		{A486B1C4-6BE3-4D64-B5A0-6504CA04851B}.Debug|Any CPU.ActiveCfg = Debug|Any CPU
		{A486B1C4-6BE3-4D64-B5A0-6504CA04851B}.Debug|Any CPU.Build.0 = Debug|Any CPU
		{A486B1C4-6BE3-4D64-B5A0-6504CA04851B}.Release|Any CPU.ActiveCfg = Release|Any CPU
		{A486B1C4-6BE3-4D64-B5A0-6504CA04851B}.Release|Any CPU.Build.0 = Release|Any CPU
		{B592CF65-796F-4AD7-9C83-CCFD2CDDE004}.Debug|Any CPU.ActiveCfg = Debug|Any CPU
		{B592CF65-796F-4AD7-9C83-CCFD2CDDE004}.Debug|Any CPU.Build.0 = Debug|Any CPU
		{B592CF65-796F-4AD7-9C83-CCFD2CDDE004}.Release|Any CPU.ActiveCfg = Release|Any CPU
		{B592CF65-796F-4AD7-9C83-CCFD2CDDE004}.Release|Any CPU.Build.0 = Release|Any CPU
		{74EF3426-A8E5-4326-B129-573D100D8C6E}.Debug|Any CPU.ActiveCfg = Debug|Any CPU
		{74EF3426-A8E5-4326-B129-573D100D8C6E}.Debug|Any CPU.Build.0 = Debug|Any CPU
		{74EF3426-A8E5-4326-B129-573D100D8C6E}.Release|Any CPU.ActiveCfg = Release|Any CPU
		{74EF3426-A8E5-4326-B129-573D100D8C6E}.Release|Any CPU.Build.0 = Release|Any CPU
	EndGlobalSection
	GlobalSection(SolutionProperties) = preSolution
		HideSolutionNode = FALSE
	EndGlobalSection
EndGlobal
